PODS:
  - Bolts (1.9.0):
    - Bolts/AppLinks (= 1.9.0)
    - Bolts/Tasks (= 1.9.0)
  - Bolts/AppLinks (1.9.0):
    - Bolts/Tasks
  - Bolts/Tasks (1.9.0)
  - FBSDKCoreKit (4.44.0):
    - Bolts (~> 1.9)
  - FBSDKLoginKit (4.44.0):
    - FBSDKCoreKit
  - FBSDKShareKit (4.44.0):
    - FBSDKCoreKit
  - McPicker (2.0.1)
  - SwiftSpinner (1.6.2)
  - SwiftyJSON (4.3.0)
  - Toast-Swift (5.0.0)

DEPENDENCIES:
  - FBSDKCoreKit
  - FBSDKLoginKit
  - FBSDKShareKit
  - McPicker (~> 2.0.0)
  - SwiftSpinner
  - SwiftyJSON (~> 4.0)
  - Toast-Swift (~> 5.0.0)

SPEC REPOS:
  https://github.com/cocoapods/specs.git:
    - Bolts
    - FBSDKCoreKit
    - FBSDKLoginKit
    - FBSDKShareKit
    - McPicker
    - SwiftSpinner
    - SwiftyJSON
    - Toast-Swift

SPEC CHECKSUMS:
  Bolts: ac6567323eac61e203f6a9763667d0f711be34c8
  FBSDKCoreKit: 8bcd4503afe43f28823c2175a6142a7f50f1bf28
  FBSDKLoginKit: 93c5a407ab1a6a17b1b38cff57e89991f714d878
  FBSDKShareKit: 3c602da4b40337c94df9372f3329a1eab03acdec
  McPicker: a0a6b8ece8f1642e05401a29867463aba501188b
  SwiftSpinner: 3a4c6dea425e5a31b908a8b1dd5dcd1ad4d96340
  SwiftyJSON: 6faa0040f8b59dead0ee07436cbf76b73c08fd08
  Toast-Swift: 36f4720243c8582c2be243a60a51e193c761f541

PODFILE CHECKSUM: 2bcc86622c266757975406601e69a3d76dd9b8d6

COCOAPODS: 1.7.0.beta.3
