// !$*UTF8*$!
{
	archiveVersion = 1;
	classes = {
	};
	objectVersion = 51;
	objects = {

/* Begin PBXBuildFile section */
		E0F6D2713249E536919FC9E0 /* Pods_productsearch.framework in Frameworks */ = {isa = PBXBuildFile; fileRef = 38A49B66D9E88F4481569D99 /* Pods_productsearch.framework */; };
		FC1698E5225A011C00EF4921 /* AppDelegate.swift in Sources */ = {isa = PBXBuildFile; fileRef = FC1698E4225A011C00EF4921 /* AppDelegate.swift */; };
		FC1698E7225A011C00EF4921 /* ViewController.swift in Sources */ = {isa = PBXBuildFile; fileRef = FC1698E6225A011C00EF4921 /* ViewController.swift */; };
		FC1698EA225A011C00EF4921 /* Main.storyboard in Resources */ = {isa = PBXBuildFile; fileRef = FC1698E8225A011C00EF4921 /* Main.storyboard */; };
		FC1698ED225A011C00EF4921 /* productsearch.xcdatamodeld in Sources */ = {isa = PBXBuildFile; fileRef = FC1698EB225A011C00EF4921 /* productsearch.xcdatamodeld */; };
		FC1698EF225A011F00EF4921 /* Assets.xcassets in Resources */ = {isa = PBXBuildFile; fileRef = FC1698EE225A011F00EF4921 /* Assets.xcassets */; };
		FC1698F2225A011F00EF4921 /* LaunchScreen.storyboard in Resources */ = {isa = PBXBuildFile; fileRef = FC1698F0225A011F00EF4921 /* LaunchScreen.storyboard */; };
		FC1698FA225AA5FC00EF4921 /* MainNavigationController.swift in Sources */ = {isa = PBXBuildFile; fileRef = FC1698F9225AA5FC00EF4921 /* MainNavigationController.swift */; };
		FC169900225ABB7300EF4921 /* FormViewController.swift in Sources */ = {isa = PBXBuildFile; fileRef = FC1698FE225ABB7300EF4921 /* FormViewController.swift */; };
		FC169905225ABBA200EF4921 /* WishListViewController.swift in Sources */ = {isa = PBXBuildFile; fileRef = FC169903225ABBA200EF4921 /* WishListViewController.swift */; };
		FC16990A225C634C00EF4921 /* SearchResultsViewController.swift in Sources */ = {isa = PBXBuildFile; fileRef = FC169909225C634C00EF4921 /* SearchResultsViewController.swift */; };
		FC16990D225C660100EF4921 /* Constants.swift in Sources */ = {isa = PBXBuildFile; fileRef = FC16990C225C660100EF4921 /* Constants.swift */; };
		FC169910225D28CA00EF4921 /* CategoryPickerView.swift in Sources */ = {isa = PBXBuildFile; fileRef = FC16990F225D28CA00EF4921 /* CategoryPickerView.swift */; };
		FC169912225D3A4000EF4921 /* CheckBoxButton.swift in Sources */ = {isa = PBXBuildFile; fileRef = FC169911225D3A4000EF4921 /* CheckBoxButton.swift */; };
		FC79E77A225D6D5900A7836C /* Alamofire.framework in Frameworks */ = {isa = PBXBuildFile; fileRef = FC79E779225D6D5900A7836C /* Alamofire.framework */; };
		FC79E77C225D6F9300A7836C /* Alamofire.framework in Frameworks */ = {isa = PBXBuildFile; fileRef = FC79E77B225D6F9300A7836C /* Alamofire.framework */; };
		FC79E77D225D6F9300A7836C /* Alamofire.framework in Embed Frameworks */ = {isa = PBXBuildFile; fileRef = FC79E77B225D6F9300A7836C /* Alamofire.framework */; settings = {ATTRIBUTES = (CodeSignOnCopy, RemoveHeadersOnCopy, ); }; };
		FC79E782225E6BAB00A7836C /* SearchResultCell.swift in Sources */ = {isa = PBXBuildFile; fileRef = FC79E781225E6BAB00A7836C /* SearchResultCell.swift */; };
		FC79E785225E6DFB00A7836C /* Product.swift in Sources */ = {isa = PBXBuildFile; fileRef = FC79E784225E6DFB00A7836C /* Product.swift */; };
		FC79E787225F09C400A7836C /* ProductDetailViewController.swift in Sources */ = {isa = PBXBuildFile; fileRef = FC79E786225F09C400A7836C /* ProductDetailViewController.swift */; };
		FC79E789225F39BC00A7836C /* ProductInfoViewController.swift in Sources */ = {isa = PBXBuildFile; fileRef = FC79E788225F39BC00A7836C /* ProductInfoViewController.swift */; };
		FC79E790225F575C00A7836C /* ProductDetailsViewModel.swift in Sources */ = {isa = PBXBuildFile; fileRef = FC79E78F225F575C00A7836C /* ProductDetailsViewModel.swift */; };
		FC79E792225FC38C00A7836C /* NameValueListCell.swift in Sources */ = {isa = PBXBuildFile; fileRef = FC79E791225FC38C00A7836C /* NameValueListCell.swift */; };
		FC79E794225FFAE300A7836C /* ShippingTabTableViewController.swift in Sources */ = {isa = PBXBuildFile; fileRef = FC79E793225FFAE300A7836C /* ShippingTabTableViewController.swift */; };
		FC79E796225FFDD100A7836C /* PhotosTabViewController.swift in Sources */ = {isa = PBXBuildFile; fileRef = FC79E795225FFDD100A7836C /* PhotosTabViewController.swift */; };
		FC79E798225FFE1B00A7836C /* SimilarItemsTabViewController.swift in Sources */ = {isa = PBXBuildFile; fileRef = FC79E797225FFE1B00A7836C /* SimilarItemsTabViewController.swift */; };
/* End PBXBuildFile section */

/* Begin PBXCopyFilesBuildPhase section */
		FC79E77E225D6F9300A7836C /* Embed Frameworks */ = {
			isa = PBXCopyFilesBuildPhase;
			buildActionMask = 2147483647;
			dstPath = "";
			dstSubfolderSpec = 10;
			files = (
				FC79E77D225D6F9300A7836C /* Alamofire.framework in Embed Frameworks */,
			);
			name = "Embed Frameworks";
			runOnlyForDeploymentPostprocessing = 0;
		};
/* End PBXCopyFilesBuildPhase section */

/* Begin PBXFileReference section */
		38A49B66D9E88F4481569D99 /* Pods_productsearch.framework */ = {isa = PBXFileReference; explicitFileType = wrapper.framework; includeInIndex = 0; path = Pods_productsearch.framework; sourceTree = BUILT_PRODUCTS_DIR; };
		554B00B81DABB5C2BECC8990 /* Pods-productsearch.debug.xcconfig */ = {isa = PBXFileReference; includeInIndex = 1; lastKnownFileType = text.xcconfig; name = "Pods-productsearch.debug.xcconfig"; path = "Target Support Files/Pods-productsearch/Pods-productsearch.debug.xcconfig"; sourceTree = "<group>"; };
		9DB42DBAA3A9B884068A77B6 /* Pods-productsearch.release.xcconfig */ = {isa = PBXFileReference; includeInIndex = 1; lastKnownFileType = text.xcconfig; name = "Pods-productsearch.release.xcconfig"; path = "Target Support Files/Pods-productsearch/Pods-productsearch.release.xcconfig"; sourceTree = "<group>"; };
		FC1698E1225A011C00EF4921 /* productsearch.app */ = {isa = PBXFileReference; explicitFileType = wrapper.application; includeInIndex = 0; path = productsearch.app; sourceTree = BUILT_PRODUCTS_DIR; };
		FC1698E4225A011C00EF4921 /* AppDelegate.swift */ = {isa = PBXFileReference; lastKnownFileType = sourcecode.swift; path = AppDelegate.swift; sourceTree = "<group>"; };
		FC1698E6225A011C00EF4921 /* ViewController.swift */ = {isa = PBXFileReference; lastKnownFileType = sourcecode.swift; path = ViewController.swift; sourceTree = "<group>"; };
		FC1698E9225A011C00EF4921 /* Base */ = {isa = PBXFileReference; lastKnownFileType = file.storyboard; name = Base; path = Base.lproj/Main.storyboard; sourceTree = "<group>"; };
		FC1698EC225A011C00EF4921 /* productsearch.xcdatamodel */ = {isa = PBXFileReference; lastKnownFileType = wrapper.xcdatamodel; path = productsearch.xcdatamodel; sourceTree = "<group>"; };
		FC1698EE225A011F00EF4921 /* Assets.xcassets */ = {isa = PBXFileReference; lastKnownFileType = folder.assetcatalog; path = Assets.xcassets; sourceTree = "<group>"; };
		FC1698F1225A011F00EF4921 /* Base */ = {isa = PBXFileReference; lastKnownFileType = file.storyboard; name = Base; path = Base.lproj/LaunchScreen.storyboard; sourceTree = "<group>"; };
		FC1698F3225A011F00EF4921 /* Info.plist */ = {isa = PBXFileReference; lastKnownFileType = text.plist.xml; path = Info.plist; sourceTree = "<group>"; };
		FC1698F9225AA5FC00EF4921 /* MainNavigationController.swift */ = {isa = PBXFileReference; lastKnownFileType = sourcecode.swift; path = MainNavigationController.swift; sourceTree = "<group>"; };
		FC1698FE225ABB7300EF4921 /* FormViewController.swift */ = {isa = PBXFileReference; lastKnownFileType = sourcecode.swift; path = FormViewController.swift; sourceTree = "<group>"; };
		FC169903225ABBA200EF4921 /* WishListViewController.swift */ = {isa = PBXFileReference; lastKnownFileType = sourcecode.swift; path = WishListViewController.swift; sourceTree = "<group>"; };
		FC169909225C634C00EF4921 /* SearchResultsViewController.swift */ = {isa = PBXFileReference; lastKnownFileType = sourcecode.swift; path = SearchResultsViewController.swift; sourceTree = "<group>"; };
		FC16990C225C660100EF4921 /* Constants.swift */ = {isa = PBXFileReference; lastKnownFileType = sourcecode.swift; path = Constants.swift; sourceTree = "<group>"; };
		FC16990F225D28CA00EF4921 /* CategoryPickerView.swift */ = {isa = PBXFileReference; lastKnownFileType = sourcecode.swift; path = CategoryPickerView.swift; sourceTree = "<group>"; };
		FC169911225D3A4000EF4921 /* CheckBoxButton.swift */ = {isa = PBXFileReference; lastKnownFileType = sourcecode.swift; path = CheckBoxButton.swift; sourceTree = "<group>"; };
		FC79E779225D6D5900A7836C /* Alamofire.framework */ = {isa = PBXFileReference; lastKnownFileType = wrapper.framework; name = Alamofire.framework; path = Carthage/Build/iOS/Alamofire.framework; sourceTree = "<group>"; };
		FC79E77B225D6F9300A7836C /* Alamofire.framework */ = {isa = PBXFileReference; lastKnownFileType = wrapper.framework; name = Alamofire.framework; path = Carthage/Build/iOS/Alamofire.framework; sourceTree = "<group>"; };
		FC79E781225E6BAB00A7836C /* SearchResultCell.swift */ = {isa = PBXFileReference; lastKnownFileType = sourcecode.swift; path = SearchResultCell.swift; sourceTree = "<group>"; };
		FC79E784225E6DFB00A7836C /* Product.swift */ = {isa = PBXFileReference; lastKnownFileType = sourcecode.swift; path = Product.swift; sourceTree = "<group>"; };
		FC79E786225F09C400A7836C /* ProductDetailViewController.swift */ = {isa = PBXFileReference; lastKnownFileType = sourcecode.swift; path = ProductDetailViewController.swift; sourceTree = "<group>"; };
		FC79E788225F39BC00A7836C /* ProductInfoViewController.swift */ = {isa = PBXFileReference; lastKnownFileType = sourcecode.swift; path = ProductInfoViewController.swift; sourceTree = "<group>"; };
		FC79E78F225F575C00A7836C /* ProductDetailsViewModel.swift */ = {isa = PBXFileReference; lastKnownFileType = sourcecode.swift; path = ProductDetailsViewModel.swift; sourceTree = "<group>"; };
		FC79E791225FC38C00A7836C /* NameValueListCell.swift */ = {isa = PBXFileReference; lastKnownFileType = sourcecode.swift; path = NameValueListCell.swift; sourceTree = "<group>"; };
		FC79E793225FFAE300A7836C /* ShippingTabTableViewController.swift */ = {isa = PBXFileReference; lastKnownFileType = sourcecode.swift; path = ShippingTabTableViewController.swift; sourceTree = "<group>"; };
		FC79E795225FFDD100A7836C /* PhotosTabViewController.swift */ = {isa = PBXFileReference; lastKnownFileType = sourcecode.swift; path = PhotosTabViewController.swift; sourceTree = "<group>"; };
		FC79E797225FFE1B00A7836C /* SimilarItemsTabViewController.swift */ = {isa = PBXFileReference; lastKnownFileType = sourcecode.swift; path = SimilarItemsTabViewController.swift; sourceTree = "<group>"; };
/* End PBXFileReference section */

/* Begin PBXFrameworksBuildPhase section */
		FC1698DE225A011C00EF4921 /* Frameworks */ = {
			isa = PBXFrameworksBuildPhase;
			buildActionMask = 2147483647;
			files = (
				FC79E77C225D6F9300A7836C /* Alamofire.framework in Frameworks */,
				FC79E77A225D6D5900A7836C /* Alamofire.framework in Frameworks */,
				E0F6D2713249E536919FC9E0 /* Pods_productsearch.framework in Frameworks */,
			);
			runOnlyForDeploymentPostprocessing = 0;
		};
/* End PBXFrameworksBuildPhase section */

/* Begin PBXGroup section */
		623D7AAC2E91429505DBDC03 /* Pods */ = {
			isa = PBXGroup;
			children = (
				554B00B81DABB5C2BECC8990 /* Pods-productsearch.debug.xcconfig */,
				9DB42DBAA3A9B884068A77B6 /* Pods-productsearch.release.xcconfig */,
			);
			path = Pods;
			sourceTree = "<group>";
		};
		B9A4E7A60AC22BF1DC40AD8A /* Frameworks */ = {
			isa = PBXGroup;
			children = (
				FC79E779225D6D5900A7836C /* Alamofire.framework */,
				38A49B66D9E88F4481569D99 /* Pods_productsearch.framework */,
			);
			name = Frameworks;
			sourceTree = "<group>";
		};
		FC1698D8225A011C00EF4921 = {
			isa = PBXGroup;
			children = (
				FC79E77B225D6F9300A7836C /* Alamofire.framework */,
				FC16990B225C65BC00EF4921 /* Helpers */,
				FC1698E3225A011C00EF4921 /* productsearch */,
				FC1698E2225A011C00EF4921 /* Products */,
				623D7AAC2E91429505DBDC03 /* Pods */,
				B9A4E7A60AC22BF1DC40AD8A /* Frameworks */,
			);
			sourceTree = "<group>";
		};
		FC1698E2225A011C00EF4921 /* Products */ = {
			isa = PBXGroup;
			children = (
				FC1698E1225A011C00EF4921 /* productsearch.app */,
			);
			name = Products;
			sourceTree = "<group>";
		};
		FC1698E3225A011C00EF4921 /* productsearch */ = {
			isa = PBXGroup;
			children = (
				FC79E78E225F572B00A7836C /* ViewModels */,
				FC79E783225E6DE700A7836C /* Models */,
				FC16990E225D289900EF4921 /* Views */,
				FC1698E4225A011C00EF4921 /* AppDelegate.swift */,
				FC1698E6225A011C00EF4921 /* ViewController.swift */,
				FC1698E8225A011C00EF4921 /* Main.storyboard */,
				FC1698EE225A011F00EF4921 /* Assets.xcassets */,
				FC1698F0225A011F00EF4921 /* LaunchScreen.storyboard */,
				FC1698F3225A011F00EF4921 /* Info.plist */,
				FC1698EB225A011C00EF4921 /* productsearch.xcdatamodeld */,
				FC169902225ABB8000EF4921 /* ViewControllers */,
			);
			path = productsearch;
			sourceTree = "<group>";
		};
		FC169902225ABB8000EF4921 /* ViewControllers */ = {
			isa = PBXGroup;
			children = (
				FC169903225ABBA200EF4921 /* WishListViewController.swift */,
				FC1698F9225AA5FC00EF4921 /* MainNavigationController.swift */,
				FC1698FE225ABB7300EF4921 /* FormViewController.swift */,
				FC169909225C634C00EF4921 /* SearchResultsViewController.swift */,
				FC79E786225F09C400A7836C /* ProductDetailViewController.swift */,
				FC79E788225F39BC00A7836C /* ProductInfoViewController.swift */,
				FC79E793225FFAE300A7836C /* ShippingTabTableViewController.swift */,
				FC79E795225FFDD100A7836C /* PhotosTabViewController.swift */,
				FC79E797225FFE1B00A7836C /* SimilarItemsTabViewController.swift */,
			);
			path = ViewControllers;
			sourceTree = "<group>";
		};
		FC16990B225C65BC00EF4921 /* Helpers */ = {
			isa = PBXGroup;
			children = (
				FC16990C225C660100EF4921 /* Constants.swift */,
			);
			path = Helpers;
			sourceTree = "<group>";
		};
		FC16990E225D289900EF4921 /* Views */ = {
			isa = PBXGroup;
			children = (
				FC16990F225D28CA00EF4921 /* CategoryPickerView.swift */,
				FC169911225D3A4000EF4921 /* CheckBoxButton.swift */,
				FC79E781225E6BAB00A7836C /* SearchResultCell.swift */,
				FC79E791225FC38C00A7836C /* NameValueListCell.swift */,
			);
			path = Views;
			sourceTree = "<group>";
		};
		FC79E783225E6DE700A7836C /* Models */ = {
			isa = PBXGroup;
			children = (
				FC79E784225E6DFB00A7836C /* Product.swift */,
			);
			path = Models;
			sourceTree = "<group>";
		};
		FC79E78E225F572B00A7836C /* ViewModels */ = {
			isa = PBXGroup;
			children = (
				FC79E78F225F575C00A7836C /* ProductDetailsViewModel.swift */,
			);
			path = ViewModels;
			sourceTree = "<group>";
		};
/* End PBXGroup section */

/* Begin PBXNativeTarget section */
		FC1698E0225A011C00EF4921 /* productsearch */ = {
			isa = PBXNativeTarget;
			buildConfigurationList = FC1698F6225A011F00EF4921 /* Build configuration list for PBXNativeTarget "productsearch" */;
			buildPhases = (
				93DF2333E60C3DB77D06717A /* [CP] Check Pods Manifest.lock */,
				FC1698DD225A011C00EF4921 /* Sources */,
				FC1698DE225A011C00EF4921 /* Frameworks */,
				FC1698DF225A011C00EF4921 /* Resources */,
				FC79E77E225D6F9300A7836C /* Embed Frameworks */,
				023A1ADE3B1FF13C31A6DDE6 /* [CP] Embed Pods Frameworks */,
			);
			buildRules = (
			);
			dependencies = (
			);
			name = productsearch;
			productName = productsearch;
			productReference = FC1698E1225A011C00EF4921 /* productsearch.app */;
			productType = "com.apple.product-type.application";
		};
/* End PBXNativeTarget section */

/* Begin PBXProject section */
		FC1698D9225A011C00EF4921 /* Project object */ = {
			isa = PBXProject;
			attributes = {
				LastSwiftUpdateCheck = 1010;
				LastUpgradeCheck = 1010;
				ORGANIZATIONNAME = "Mahima Pulastya";
				TargetAttributes = {
					FC1698E0225A011C00EF4921 = {
						CreatedOnToolsVersion = 10.1;
					};
				};
			};
			buildConfigurationList = FC1698DC225A011C00EF4921 /* Build configuration list for PBXProject "productsearch" */;
			compatibilityVersion = "Xcode 9.3";
			developmentRegion = en;
			hasScannedForEncodings = 0;
			knownRegions = (
				en,
				Base,
			);
			mainGroup = FC1698D8225A011C00EF4921;
			productRefGroup = FC1698E2225A011C00EF4921 /* Products */;
			projectDirPath = "";
			projectRoot = "";
			targets = (
				FC1698E0225A011C00EF4921 /* productsearch */,
			);
		};
/* End PBXProject section */

/* Begin PBXResourcesBuildPhase section */
		FC1698DF225A011C00EF4921 /* Resources */ = {
			isa = PBXResourcesBuildPhase;
			buildActionMask = 2147483647;
			files = (
				FC1698F2225A011F00EF4921 /* LaunchScreen.storyboard in Resources */,
				FC1698EF225A011F00EF4921 /* Assets.xcassets in Resources */,
				FC1698EA225A011C00EF4921 /* Main.storyboard in Resources */,
			);
			runOnlyForDeploymentPostprocessing = 0;
		};
/* End PBXResourcesBuildPhase section */

/* Begin PBXShellScriptBuildPhase section */
		023A1ADE3B1FF13C31A6DDE6 /* [CP] Embed Pods Frameworks */ = {
			isa = PBXShellScriptBuildPhase;
			buildActionMask = 2147483647;
			files = (
			);
			inputFileListPaths = (
				"${PODS_ROOT}/Target Support Files/Pods-productsearch/Pods-productsearch-frameworks-${CONFIGURATION}-input-files.xcfilelist",
			);
			name = "[CP] Embed Pods Frameworks";
			outputFileListPaths = (
				"${PODS_ROOT}/Target Support Files/Pods-productsearch/Pods-productsearch-frameworks-${CONFIGURATION}-output-files.xcfilelist",
			);
			runOnlyForDeploymentPostprocessing = 0;
			shellPath = /bin/sh;
			shellScript = "\"${PODS_ROOT}/Target Support Files/Pods-productsearch/Pods-productsearch-frameworks.sh\"\n";
			showEnvVarsInLog = 0;
		};
		93DF2333E60C3DB77D06717A /* [CP] Check Pods Manifest.lock */ = {
			isa = PBXShellScriptBuildPhase;
			buildActionMask = 2147483647;
			files = (
			);
			inputFileListPaths = (
			);
			inputPaths = (
				"${PODS_PODFILE_DIR_PATH}/Podfile.lock",
				"${PODS_ROOT}/Manifest.lock",
			);
			name = "[CP] Check Pods Manifest.lock";
			outputFileListPaths = (
			);
			outputPaths = (
				"$(DERIVED_FILE_DIR)/Pods-productsearch-checkManifestLockResult.txt",
			);
			runOnlyForDeploymentPostprocessing = 0;
			shellPath = /bin/sh;
			shellScript = "diff \"${PODS_PODFILE_DIR_PATH}/Podfile.lock\" \"${PODS_ROOT}/Manifest.lock\" > /dev/null\nif [ $? != 0 ] ; then\n    # print error to STDERR\n    echo \"error: The sandbox is not in sync with the Podfile.lock. Run 'pod install' or update your CocoaPods installation.\" >&2\n    exit 1\nfi\n# This output is used by Xcode 'outputs' to avoid re-running this script phase.\necho \"SUCCESS\" > \"${SCRIPT_OUTPUT_FILE_0}\"\n";
			showEnvVarsInLog = 0;
		};
/* End PBXShellScriptBuildPhase section */

/* Begin PBXSourcesBuildPhase section */
		FC1698DD225A011C00EF4921 /* Sources */ = {
			isa = PBXSourcesBuildPhase;
			buildActionMask = 2147483647;
			files = (
				FC1698E7225A011C00EF4921 /* ViewController.swift in Sources */,
				FC169905225ABBA200EF4921 /* WishListViewController.swift in Sources */,
				FC79E794225FFAE300A7836C /* ShippingTabTableViewController.swift in Sources */,
				FC169912225D3A4000EF4921 /* CheckBoxButton.swift in Sources */,
				FC1698E5225A011C00EF4921 /* AppDelegate.swift in Sources */,
				FC79E796225FFDD100A7836C /* PhotosTabViewController.swift in Sources */,
				FC79E787225F09C400A7836C /* ProductDetailViewController.swift in Sources */,
				FC1698FA225AA5FC00EF4921 /* MainNavigationController.swift in Sources */,
				FC79E785225E6DFB00A7836C /* Product.swift in Sources */,
				FC169910225D28CA00EF4921 /* CategoryPickerView.swift in Sources */,
				FC79E782225E6BAB00A7836C /* SearchResultCell.swift in Sources */,
				FC79E798225FFE1B00A7836C /* SimilarItemsTabViewController.swift in Sources */,
				FC169900225ABB7300EF4921 /* FormViewController.swift in Sources */,
				FC16990A225C634C00EF4921 /* SearchResultsViewController.swift in Sources */,
				FC79E790225F575C00A7836C /* ProductDetailsViewModel.swift in Sources */,
				FC79E792225FC38C00A7836C /* NameValueListCell.swift in Sources */,
				FC1698ED225A011C00EF4921 /* productsearch.xcdatamodeld in Sources */,
				FC79E789225F39BC00A7836C /* ProductInfoViewController.swift in Sources */,
				FC16990D225C660100EF4921 /* Constants.swift in Sources */,
			);
			runOnlyForDeploymentPostprocessing = 0;
		};
/* End PBXSourcesBuildPhase section */

/* Begin PBXVariantGroup section */
		FC1698E8225A011C00EF4921 /* Main.storyboard */ = {
			isa = PBXVariantGroup;
			children = (
				FC1698E9225A011C00EF4921 /* Base */,
			);
			name = Main.storyboard;
			sourceTree = "<group>";
		};
		FC1698F0225A011F00EF4921 /* LaunchScreen.storyboard */ = {
			isa = PBXVariantGroup;
			children = (
				FC1698F1225A011F00EF4921 /* Base */,
			);
			name = LaunchScreen.storyboard;
			sourceTree = "<group>";
		};
/* End PBXVariantGroup section */

/* Begin XCBuildConfiguration section */
		FC1698F4225A011F00EF4921 /* Debug */ = {
			isa = XCBuildConfiguration;
			buildSettings = {
				ALWAYS_SEARCH_USER_PATHS = NO;
				CLANG_ANALYZER_NONNULL = YES;
				CLANG_ANALYZER_NUMBER_OBJECT_CONVERSION = YES_AGGRESSIVE;
				CLANG_CXX_LANGUAGE_STANDARD = "gnu++14";
				CLANG_CXX_LIBRARY = "libc++";
				CLANG_ENABLE_MODULES = YES;
				CLANG_ENABLE_OBJC_ARC = YES;
				CLANG_ENABLE_OBJC_WEAK = YES;
				CLANG_WARN_BLOCK_CAPTURE_AUTORELEASING = YES;
				CLANG_WARN_BOOL_CONVERSION = YES;
				CLANG_WARN_COMMA = YES;
				CLANG_WARN_CONSTANT_CONVERSION = YES;
				CLANG_WARN_DEPRECATED_OBJC_IMPLEMENTATIONS = YES;
				CLANG_WARN_DIRECT_OBJC_ISA_USAGE = YES_ERROR;
				CLANG_WARN_DOCUMENTATION_COMMENTS = YES;
				CLANG_WARN_EMPTY_BODY = YES;
				CLANG_WARN_ENUM_CONVERSION = YES;
				CLANG_WARN_INFINITE_RECURSION = YES;
				CLANG_WARN_INT_CONVERSION = YES;
				CLANG_WARN_NON_LITERAL_NULL_CONVERSION = YES;
				CLANG_WARN_OBJC_IMPLICIT_RETAIN_SELF = YES;
				CLANG_WARN_OBJC_LITERAL_CONVERSION = YES;
				CLANG_WARN_OBJC_ROOT_CLASS = YES_ERROR;
				CLANG_WARN_RANGE_LOOP_ANALYSIS = YES;
				CLANG_WARN_STRICT_PROTOTYPES = YES;
				CLANG_WARN_SUSPICIOUS_MOVE = YES;
				CLANG_WARN_UNGUARDED_AVAILABILITY = YES_AGGRESSIVE;
				CLANG_WARN_UNREACHABLE_CODE = YES;
				CLANG_WARN__DUPLICATE_METHOD_MATCH = YES;
				CODE_SIGN_IDENTITY = "iPhone Developer";
				COPY_PHASE_STRIP = NO;
				DEBUG_INFORMATION_FORMAT = dwarf;
				ENABLE_STRICT_OBJC_MSGSEND = YES;
				ENABLE_TESTABILITY = YES;
				GCC_C_LANGUAGE_STANDARD = gnu11;
				GCC_DYNAMIC_NO_PIC = NO;
				GCC_NO_COMMON_BLOCKS = YES;
				GCC_OPTIMIZATION_LEVEL = 0;
				GCC_PREPROCESSOR_DEFINITIONS = (
					"DEBUG=1",
					"$(inherited)",
				);
				GCC_WARN_64_TO_32_BIT_CONVERSION = YES;
				GCC_WARN_ABOUT_RETURN_TYPE = YES_ERROR;
				GCC_WARN_UNDECLARED_SELECTOR = YES;
				GCC_WARN_UNINITIALIZED_AUTOS = YES_AGGRESSIVE;
				GCC_WARN_UNUSED_FUNCTION = YES;
				GCC_WARN_UNUSED_VARIABLE = YES;
				IPHONEOS_DEPLOYMENT_TARGET = 12.1;
				MTL_ENABLE_DEBUG_INFO = INCLUDE_SOURCE;
				MTL_FAST_MATH = YES;
				ONLY_ACTIVE_ARCH = YES;
				SDKROOT = iphoneos;
				SWIFT_ACTIVE_COMPILATION_CONDITIONS = DEBUG;
				SWIFT_OPTIMIZATION_LEVEL = "-Onone";
			};
			name = Debug;
		};
		FC1698F5225A011F00EF4921 /* Release */ = {
			isa = XCBuildConfiguration;
			buildSettings = {
				ALWAYS_SEARCH_USER_PATHS = NO;
				CLANG_ANALYZER_NONNULL = YES;
				CLANG_ANALYZER_NUMBER_OBJECT_CONVERSION = YES_AGGRESSIVE;
				CLANG_CXX_LANGUAGE_STANDARD = "gnu++14";
				CLANG_CXX_LIBRARY = "libc++";
				CLANG_ENABLE_MODULES = YES;
				CLANG_ENABLE_OBJC_ARC = YES;
				CLANG_ENABLE_OBJC_WEAK = YES;
				CLANG_WARN_BLOCK_CAPTURE_AUTORELEASING = YES;
				CLANG_WARN_BOOL_CONVERSION = YES;
				CLANG_WARN_COMMA = YES;
				CLANG_WARN_CONSTANT_CONVERSION = YES;
				CLANG_WARN_DEPRECATED_OBJC_IMPLEMENTATIONS = YES;
				CLANG_WARN_DIRECT_OBJC_ISA_USAGE = YES_ERROR;
				CLANG_WARN_DOCUMENTATION_COMMENTS = YES;
				CLANG_WARN_EMPTY_BODY = YES;
				CLANG_WARN_ENUM_CONVERSION = YES;
				CLANG_WARN_INFINITE_RECURSION = YES;
				CLANG_WARN_INT_CONVERSION = YES;
				CLANG_WARN_NON_LITERAL_NULL_CONVERSION = YES;
				CLANG_WARN_OBJC_IMPLICIT_RETAIN_SELF = YES;
				CLANG_WARN_OBJC_LITERAL_CONVERSION = YES;
				CLANG_WARN_OBJC_ROOT_CLASS = YES_ERROR;
				CLANG_WARN_RANGE_LOOP_ANALYSIS = YES;
				CLANG_WARN_STRICT_PROTOTYPES = YES;
				CLANG_WARN_SUSPICIOUS_MOVE = YES;
				CLANG_WARN_UNGUARDED_AVAILABILITY = YES_AGGRESSIVE;
				CLANG_WARN_UNREACHABLE_CODE = YES;
				CLANG_WARN__DUPLICATE_METHOD_MATCH = YES;
				CODE_SIGN_IDENTITY = "iPhone Developer";
				COPY_PHASE_STRIP = NO;
				DEBUG_INFORMATION_FORMAT = "dwarf-with-dsym";
				ENABLE_NS_ASSERTIONS = NO;
				ENABLE_STRICT_OBJC_MSGSEND = YES;
				GCC_C_LANGUAGE_STANDARD = gnu11;
				GCC_NO_COMMON_BLOCKS = YES;
				GCC_WARN_64_TO_32_BIT_CONVERSION = YES;
				GCC_WARN_ABOUT_RETURN_TYPE = YES_ERROR;
				GCC_WARN_UNDECLARED_SELECTOR = YES;
				GCC_WARN_UNINITIALIZED_AUTOS = YES_AGGRESSIVE;
				GCC_WARN_UNUSED_FUNCTION = YES;
				GCC_WARN_UNUSED_VARIABLE = YES;
				IPHONEOS_DEPLOYMENT_TARGET = 12.1;
				MTL_ENABLE_DEBUG_INFO = NO;
				MTL_FAST_MATH = YES;
				SDKROOT = iphoneos;
				SWIFT_COMPILATION_MODE = wholemodule;
				SWIFT_OPTIMIZATION_LEVEL = "-O";
				VALIDATE_PRODUCT = YES;
			};
			name = Release;
		};
		FC1698F7225A011F00EF4921 /* Debug */ = {
			isa = XCBuildConfiguration;
			baseConfigurationReference = 554B00B81DABB5C2BECC8990 /* Pods-productsearch.debug.xcconfig */;
			buildSettings = {
				ASSETCATALOG_COMPILER_APPICON_NAME = AppIcon;
				CODE_SIGN_STYLE = Automatic;
				DEVELOPMENT_TEAM = 3VJ7G39H9K;
				ENABLE_BITCODE = NO;
				FRAMEWORK_SEARCH_PATHS = (
					"$(inherited)",
					"$(PROJECT_DIR)/Carthage/Build/iOS",
				);
				INFOPLIST_FILE = productsearch/Info.plist;
				IPHONEOS_DEPLOYMENT_TARGET = 11.0;
				LD_RUNPATH_SEARCH_PATHS = (
					"$(inherited)",
					"@executable_path/Frameworks",
				);
				PRODUCT_BUNDLE_IDENTIFIER = com.company.productsearch.productsearch;
				PRODUCT_NAME = "$(TARGET_NAME)";
				SWIFT_REFLECTION_METADATA_LEVEL = none;
				SWIFT_VERSION = 4.2;
				TARGETED_DEVICE_FAMILY = "1,2";
			};
			name = Debug;
		};
		FC1698F8225A011F00EF4921 /* Release */ = {
			isa = XCBuildConfiguration;
			baseConfigurationReference = 9DB42DBAA3A9B884068A77B6 /* Pods-productsearch.release.xcconfig */;
			buildSettings = {
				ASSETCATALOG_COMPILER_APPICON_NAME = AppIcon;
				CODE_SIGN_STYLE = Automatic;
				DEVELOPMENT_TEAM = 3VJ7G39H9K;
				ENABLE_BITCODE = NO;
				FRAMEWORK_SEARCH_PATHS = (
					"$(inherited)",
					"$(PROJECT_DIR)/Carthage/Build/iOS",
				);
				INFOPLIST_FILE = productsearch/Info.plist;
				IPHONEOS_DEPLOYMENT_TARGET = 11.0;
				LD_RUNPATH_SEARCH_PATHS = (
					"$(inherited)",
					"@executable_path/Frameworks",
				);
				PRODUCT_BUNDLE_IDENTIFIER = com.company.productsearch.productsearch;
				PRODUCT_NAME = "$(TARGET_NAME)";
				SWIFT_REFLECTION_METADATA_LEVEL = none;
				SWIFT_VERSION = 4.2;
				TARGETED_DEVICE_FAMILY = "1,2";
			};
			name = Release;
		};
/* End XCBuildConfiguration section */

/* Begin XCConfigurationList section */
		FC1698DC225A011C00EF4921 /* Build configuration list for PBXProject "productsearch" */ = {
			isa = XCConfigurationList;
			buildConfigurations = (
				FC1698F4225A011F00EF4921 /* Debug */,
				FC1698F5225A011F00EF4921 /* Release */,
			);
			defaultConfigurationIsVisible = 0;
			defaultConfigurationName = Release;
		};
		FC1698F6225A011F00EF4921 /* Build configuration list for PBXNativeTarget "productsearch" */ = {
			isa = XCConfigurationList;
			buildConfigurations = (
				FC1698F7225A011F00EF4921 /* Debug */,
				FC1698F8225A011F00EF4921 /* Release */,
			);
			defaultConfigurationIsVisible = 0;
			defaultConfigurationName = Release;
		};
/* End XCConfigurationList section */

/* Begin XCVersionGroup section */
		FC1698EB225A011C00EF4921 /* productsearch.xcdatamodeld */ = {
			isa = XCVersionGroup;
			children = (
				FC1698EC225A011C00EF4921 /* productsearch.xcdatamodel */,
			);
			currentVersion = FC1698EC225A011C00EF4921 /* productsearch.xcdatamodel */;
			path = productsearch.xcdatamodeld;
			sourceTree = "<group>";
			versionGroupType = wrapper.xcdatamodel;
		};
/* End XCVersionGroup section */
	};
	rootObject = FC1698D9225A011C00EF4921 /* Project object */;
}
